
Microsoft Visual Studio Solution File, Format Version 12.00
# Visual Studio Version 17
VisualStudioVersion = 17.6.33723.286
MinimumVisualStudioVersion = 10.0.40219.1
Project("{FAE04EC0-301F-11D3-BF4B-00C04F79EFBC}") = "LloydAnt-SMS", "LloydAnt-SMS\LloydAnt-SMS.csproj", "{0F5A290D-F904-4D23-8683-4D60F845B951}"
EndProject
Project("{FAE04EC0-301F-11D3-BF4B-00C04F79EFBC}") = "Core", "Core\Core.csproj", "{67C7F6B4-8F28-4525-87CB-441A194B6682}"
EndProject
Project("{FAE04EC0-301F-11D3-BF4B-00C04F79EFBC}") = "Logic", "Logic\Logic.csproj", "{5CEA2183-BE94-453E-B606-1AA86BA3FA02}"
EndProject
Global
	GlobalSection(SolutionConfigurationPlatforms) = preSolution
		Debug|Any CPU = Debug|Any CPU
		Release|Any CPU = Release|Any CPU
	EndGlobalSection
	GlobalSection(ProjectConfigurationPlatforms) = postSolution
		{0F5A290D-F904-4D23-8683-4D60F845B951}.Debug|Any CPU.ActiveCfg = Debug|Any CPU
		{0F5A290D-F904-4D23-8683-4D60F845B951}.Debug|Any CPU.Build.0 = Debug|Any CPU
		{0F5A290D-F904-4D23-8683-4D60F845B951}.Release|Any CPU.ActiveCfg = Release|Any CPU
		{0F5A290D-F904-4D23-8683-4D60F845B951}.Release|Any CPU.Build.0 = Release|Any CPU
		{67C7F6B4-8F28-4525-87CB-441A194B6682}.Debug|Any CPU.ActiveCfg = Debug|Any CPU
		{67C7F6B4-8F28-4525-87CB-441A194B6682}.Debug|Any CPU.Build.0 = Debug|Any CPU
		{67C7F6B4-8F28-4525-87CB-441A194B6682}.Release|Any CPU.ActiveCfg = Release|Any CPU
		{67C7F6B4-8F28-4525-87CB-441A194B6682}.Release|Any CPU.Build.0 = Release|Any CPU
		{5CEA2183-BE94-453E-B606-1AA86BA3FA02}.Debug|Any CPU.ActiveCfg = Debug|Any CPU
		{5CEA2183-BE94-453E-B606-1AA86BA3FA02}.Debug|Any CPU.Build.0 = Debug|Any CPU
		{5CEA2183-BE94-453E-B606-1AA86BA3FA02}.Release|Any CPU.ActiveCfg = Release|Any CPU
		{5CEA2183-BE94-453E-B606-1AA86BA3FA02}.Release|Any CPU.Build.0 = Release|Any CPU
	EndGlobalSection
	GlobalSection(SolutionProperties) = preSolution
		HideSolutionNode = FALSE
	EndGlobalSection
	GlobalSection(ExtensibilityGlobals) = postSolution
		SolutionGuid = {7DC5D64B-9374-4493-872F-737A34C3C985}
	EndGlobalSection
EndGlobal
